
Microsoft Visual Studio Solution File, Format Version 12.00
# Visual Studio Version 17
VisualStudioVersion = 17.14.37012.4 d17.14
MinimumVisualStudioVersion = 10.0.40219.1
Project("{FAE04EC0-301F-11D3-BF4B-00C04F79EFBC}") = "SchoolManagement_Ui", "SchoolManagement_Ui.csproj", "{B037F841-47C9-437A-8E4D-19398F34AB2A}"
EndProject
Project("{FAE04EC0-301F-11D3-BF4B-00C04F79EFBC}") = "SchoolManagement_Api", "..\SchoolManagement_Api\SchoolManagement_Api.csproj", "{F80B9EFA-255B-4AD6-B346-E72932C910BF}"
EndProject
Global
	GlobalSection(SolutionConfigurationPlatforms) = preSolution
		Debug|Any CPU = Debug|Any CPU
		Release|Any CPU = Release|Any CPU
	EndGlobalSection
	GlobalSection(ProjectConfigurationPlatforms) = postSolution
		{B037F841-47C9-437A-8E4D-19398F34AB2A}.Debug|Any CPU.ActiveCfg = Debug|Any CPU
		{B037F841-47C9-437A-8E4D-19398F34AB2A}.Debug|Any CPU.Build.0 = Debug|Any CPU
		{B037F841-47C9-437A-8E4D-19398F34AB2A}.Release|Any CPU.ActiveCfg = Release|Any CPU
		{B037F841-47C9-437A-8E4D-19398F34AB2A}.Release|Any CPU.Build.0 = Release|Any CPU
		{F80B9EFA-255B-4AD6-B346-E72932C910BF}.Debug|Any CPU.ActiveCfg = Debug|Any CPU
		{F80B9EFA-255B-4AD6-B346-E72932C910BF}.Debug|Any CPU.Build.0 = Debug|Any CPU
		{F80B9EFA-255B-4AD6-B346-E72932C910BF}.Release|Any CPU.ActiveCfg = Release|Any CPU
		{F80B9EFA-255B-4AD6-B346-E72932C910BF}.Release|Any CPU.Build.0 = Release|Any CPU
	EndGlobalSection
	GlobalSection(SolutionProperties) = preSolution
		HideSolutionNode = FALSE
	EndGlobalSection
	GlobalSection(ExtensibilityGlobals) = postSolution
		SolutionGuid = {EF66ECFE-1B7E-429B-B816-023C2757D796}
	EndGlobalSection
EndGlobal
